
Microsoft Visual Studio Solution File, Format Version 12.00
# Visual Studio Version 17
VisualStudioVersion = 17.0.31903.59
MinimumVisualStudioVersion = 10.0.40219.1
Project("{2150E333-8FDC-42A3-9474-1A3956D46DE8}") = "src", "src", "{827E0CD3-B72D-47B6-A68D-7590B98EB39B}"
EndProject
Project("{FAE04EC0-301F-11D3-BF4B-00C04F79EFBC}") = "Pathfinding", "src\Pathfinding\Pathfinding.csproj", "{F306E1E3-AFC8-47B6-87B2-5A2FF39B3179}"
EndProject
Project("{FAE04EC0-301F-11D3-BF4B-00C04F79EFBC}") = "Pathfinding.Json", "src\Pathfinding.Json\Pathfinding.Json.csproj", "{2837154C-17EB-47A3-8E09-2ED1D53634EB}"
EndProject
Project("{2150E333-8FDC-42A3-9474-1A3956D46DE8}") = "tests", "tests", "{0AB3BF05-4346-4AA6-1389-037BE0695223}"
EndProject
Project("{FAE04EC0-301F-11D3-BF4B-00C04F79EFBC}") = "Pathfinding.Tests", "tests\Pathfinding.Tests\Pathfinding.Tests.csproj", "{B2F36B8D-A650-47E2-A74D-787FCC3D1081}"
EndProject
Global
	GlobalSection(SolutionConfigurationPlatforms) = preSolution
		Debug|Any CPU = Debug|Any CPU
		Debug|x64 = Debug|x64
		Debug|x86 = Debug|x86
		Release|Any CPU = Release|Any CPU
		Release|x64 = Release|x64
		Release|x86 = Release|x86
	EndGlobalSection
	GlobalSection(ProjectConfigurationPlatforms) = postSolution
		{F306E1E3-AFC8-47B6-87B2-5A2FF39B3179}.Debug|Any CPU.ActiveCfg = Debug|Any CPU
		{F306E1E3-AFC8-47B6-87B2-5A2FF39B3179}.Debug|Any CPU.Build.0 = Debug|Any CPU
		{F306E1E3-AFC8-47B6-87B2-5A2FF39B3179}.Debug|x64.ActiveCfg = Debug|Any CPU
		{F306E1E3-AFC8-47B6-87B2-5A2FF39B3179}.Debug|x64.Build.0 = Debug|Any CPU
		{F306E1E3-AFC8-47B6-87B2-5A2FF39B3179}.Debug|x86.ActiveCfg = Debug|Any CPU
		{F306E1E3-AFC8-47B6-87B2-5A2FF39B3179}.Debug|x86.Build.0 = Debug|Any CPU
		{F306E1E3-AFC8-47B6-87B2-5A2FF39B3179}.Release|Any CPU.ActiveCfg = Release|Any CPU
		{F306E1E3-AFC8-47B6-87B2-5A2FF39B3179}.Release|Any CPU.Build.0 = Release|Any CPU
		{F306E1E3-AFC8-47B6-87B2-5A2FF39B3179}.Release|x64.ActiveCfg = Release|Any CPU
		{F306E1E3-AFC8-47B6-87B2-5A2FF39B3179}.Release|x64.Build.0 = Release|Any CPU
		{F306E1E3-AFC8-47B6-87B2-5A2FF39B3179}.Release|x86.ActiveCfg = Release|Any CPU
		{F306E1E3-AFC8-47B6-87B2-5A2FF39B3179}.Release|x86.Build.0 = Release|Any CPU
		{2837154C-17EB-47A3-8E09-2ED1D53634EB}.Debug|Any CPU.ActiveCfg = Debug|Any CPU
		{2837154C-17EB-47A3-8E09-2ED1D53634EB}.Debug|Any CPU.Build.0 = Debug|Any CPU
		{2837154C-17EB-47A3-8E09-2ED1D53634EB}.Debug|x64.ActiveCfg = Debug|Any CPU
		{2837154C-17EB-47A3-8E09-2ED1D53634EB}.Debug|x64.Build.0 = Debug|Any CPU
		{2837154C-17EB-47A3-8E09-2ED1D53634EB}.Debug|x86.ActiveCfg = Debug|Any CPU
		{2837154C-17EB-47A3-8E09-2ED1D53634EB}.Debug|x86.Build.0 = Debug|Any CPU
		{2837154C-17EB-47A3-8E09-2ED1D53634EB}.Release|Any CPU.ActiveCfg = Release|Any CPU
		{2837154C-17EB-47A3-8E09-2ED1D53634EB}.Release|Any CPU.Build.0 = Release|Any CPU
		{2837154C-17EB-47A3-8E09-2ED1D53634EB}.Release|x64.ActiveCfg = Release|Any CPU
		{2837154C-17EB-47A3-8E09-2ED1D53634EB}.Release|x64.Build.0 = Release|Any CPU
		{2837154C-17EB-47A3-8E09-2ED1D53634EB}.Release|x86.ActiveCfg = Release|Any CPU
		{2837154C-17EB-47A3-8E09-2ED1D53634EB}.Release|x86.Build.0 = Release|Any CPU
		{B2F36B8D-A650-47E2-A74D-787FCC3D1081}.Debug|Any CPU.ActiveCfg = Debug|Any CPU
		{B2F36B8D-A650-47E2-A74D-787FCC3D1081}.Debug|Any CPU.Build.0 = Debug|Any CPU
		{B2F36B8D-A650-47E2-A74D-787FCC3D1081}.Debug|x64.ActiveCfg = Debug|Any CPU
		{B2F36B8D-A650-47E2-A74D-787FCC3D1081}.Debug|x64.Build.0 = Debug|Any CPU
		{B2F36B8D-A650-47E2-A74D-787FCC3D1081}.Debug|x86.ActiveCfg = Debug|Any CPU
		{B2F36B8D-A650-47E2-A74D-787FCC3D1081}.Debug|x86.Build.0 = Debug|Any CPU
		{B2F36B8D-A650-47E2-A74D-787FCC3D1081}.Release|Any CPU.ActiveCfg = Release|Any CPU
		{B2F36B8D-A650-47E2-A74D-787FCC3D1081}.Release|Any CPU.Build.0 = Release|Any CPU
		{B2F36B8D-A650-47E2-A74D-787FCC3D1081}.Release|x64.ActiveCfg = Release|Any CPU
		{B2F36B8D-A650-47E2-A74D-787FCC3D1081}.Release|x64.Build.0 = Release|Any CPU
		{B2F36B8D-A650-47E2-A74D-787FCC3D1081}.Release|x86.ActiveCfg = Release|Any CPU
		{B2F36B8D-A650-47E2-A74D-787FCC3D1081}.Release|x86.Build.0 = Release|Any CPU
	EndGlobalSection
	GlobalSection(SolutionProperties) = preSolution
		HideSolutionNode = FALSE
	EndGlobalSection
	GlobalSection(NestedProjects) = preSolution
		{F306E1E3-AFC8-47B6-87B2-5A2FF39B3179} = {827E0CD3-B72D-47B6-A68D-7590B98EB39B}
		{2837154C-17EB-47A3-8E09-2ED1D53634EB} = {827E0CD3-B72D-47B6-A68D-7590B98EB39B}
		{B2F36B8D-A650-47E2-A74D-787FCC3D1081} = {0AB3BF05-4346-4AA6-1389-037BE0695223}
	EndGlobalSection
EndGlobal
